{
  "name": "nevelvend",
  "version": "1.0.0",
  "lockfileVersion": 2,
  "requires": true,
  "packages": {
    "": {
      "name": "nevelvend",
      "version": "1.0.0",
      "license": "ISC",
      "dependencies": {
        "bodymovin": "^4.13.0",
        "jquery": "^3.6.0",
        "lottie-web": "^5.7.13"
      }
    },
    "node_modules/bodymovin": {
      "version": "4.13.0",
      "resolved": "https://registry.npmjs.org/bodymovin/-/bodymovin-4.13.0.tgz",
      "integrity": "sha1-Btl8ATDiM03MszvqY4E2+Ip0VAs="
    },
    "node_modules/jquery": {
      "version": "3.6.0",
      "resolved": "https://registry.npmjs.org/jquery/-/jquery-3.6.0.tgz",
      "integrity": "sha512-JVzAR/AjBvVt2BmYhxRCSYysDsPcssdmTFnzyLEts9qNwmjmu4JTAMYubEfwVOSwpQ1I1sKKFcxhZCI2buerfw=="
    },
    "node_modules/lottie-web": {
      "version": "5.7.13",
      "resolved": "https://registry.npmjs.org/lottie-web/-/lottie-web-5.7.13.tgz",
      "integrity": "sha512-6iy93BGPkdk39b0jRgJ8Zosxi8QqcMP5XcDvg1f0XAvEkke6EMCl6BUO4Lu78dpgvfG2tzut4QJ+0vCrfbrldQ=="
    }
  },
  "dependencies": {
    "bodymovin": {
      "version": "4.13.0",
      "resolved": "https://registry.npmjs.org/bodymovin/-/bodymovin-4.13.0.tgz",
      "integrity": "sha1-Btl8ATDiM03MszvqY4E2+Ip0VAs="
    },
    "jquery": {
      "version": "3.6.0",
      "resolved": "https://registry.npmjs.org/jquery/-/jquery-3.6.0.tgz",
      "integrity": "sha512-JVzAR/AjBvVt2BmYhxRCSYysDsPcssdmTFnzyLEts9qNwmjmu4JTAMYubEfwVOSwpQ1I1sKKFcxhZCI2buerfw=="
    },
    "lottie-web": {
      "version": "5.7.13",
      "resolved": "https://registry.npmjs.org/lottie-web/-/lottie-web-5.7.13.tgz",
      "integrity": "sha512-6iy93BGPkdk39b0jRgJ8Zosxi8QqcMP5XcDvg1f0XAvEkke6EMCl6BUO4Lu78dpgvfG2tzut4QJ+0vCrfbrldQ=="
    }
  }
}
